
Microsoft Visual Studio Solution File, Format Version 12.00
# Visual Studio 15
VisualStudioVersion = 15.0.27703.2018
MinimumVisualStudioVersion = 10.0.40219.1
Project("{8BC9CEB8-8B4A-11D0-8D11-00A0C91BC942}") = "I00I", "I00I\I00I.vcxproj", "{287EA16D-E2E3-43CE-A0A6-D9D826B0A112}"
EndProject
Project("{8BC9CEB8-8B4A-11D0-8D11-00A0C91BC942}") = "I00I_lib", "I00I_lib\I00I_lib.vcxproj", "{A48343FE-B4E2-4458-8C02-2AD163B474AA}"
EndProject
Global
	GlobalSection(SolutionConfigurationPlatforms) = preSolution
		Debug|x64 = Debug|x64
		Debug|x86 = Debug|x86
		Release|x64 = Release|x64
		Release|x86 = Release|x86
	EndGlobalSection
	GlobalSection(ProjectConfigurationPlatforms) = postSolution
		{287EA16D-E2E3-43CE-A0A6-D9D826B0A112}.Debug|x64.ActiveCfg = Debug|x64
		{287EA16D-E2E3-43CE-A0A6-D9D826B0A112}.Debug|x64.Build.0 = Debug|x64
		{287EA16D-E2E3-43CE-A0A6-D9D826B0A112}.Debug|x86.ActiveCfg = Debug|Win32
		{287EA16D-E2E3-43CE-A0A6-D9D826B0A112}.Debug|x86.Build.0 = Debug|Win32
		{287EA16D-E2E3-43CE-A0A6-D9D826B0A112}.Release|x64.ActiveCfg = Release|x64
		{287EA16D-E2E3-43CE-A0A6-D9D826B0A112}.Release|x64.Build.0 = Release|x64
		{287EA16D-E2E3-43CE-A0A6-D9D826B0A112}.Release|x86.ActiveCfg = Release|Win32
		{287EA16D-E2E3-43CE-A0A6-D9D826B0A112}.Release|x86.Build.0 = Release|Win32
		{A48343FE-B4E2-4458-8C02-2AD163B474AA}.Debug|x64.ActiveCfg = Debug|x64
		{A48343FE-B4E2-4458-8C02-2AD163B474AA}.Debug|x64.Build.0 = Debug|x64
		{A48343FE-B4E2-4458-8C02-2AD163B474AA}.Debug|x86.ActiveCfg = Debug|Win32
		{A48343FE-B4E2-4458-8C02-2AD163B474AA}.Debug|x86.Build.0 = Debug|Win32
		{A48343FE-B4E2-4458-8C02-2AD163B474AA}.Release|x64.ActiveCfg = Release|x64
		{A48343FE-B4E2-4458-8C02-2AD163B474AA}.Release|x64.Build.0 = Release|x64
		{A48343FE-B4E2-4458-8C02-2AD163B474AA}.Release|x86.ActiveCfg = Release|Win32
		{A48343FE-B4E2-4458-8C02-2AD163B474AA}.Release|x86.Build.0 = Release|Win32
	EndGlobalSection
	GlobalSection(SolutionProperties) = preSolution
		HideSolutionNode = FALSE
	EndGlobalSection
	GlobalSection(ExtensibilityGlobals) = postSolution
		SolutionGuid = {2673C7F9-2B9A-4155-AA34-3790925C74A1}
	EndGlobalSection
EndGlobal
